
Microsoft Visual Studio Solution File, Format Version 12.00
# Visual Studio 14
VisualStudioVersion = 14.0.24720.0
MinimumVisualStudioVersion = 10.0.40219.1
Project("{FAE04EC0-301F-11D3-BF4B-00C04F79EFBC}") = "PivotalTracker.FluentAPI.PCL", "PivotalTracker.FluentAPI.PCL\PivotalTracker.FluentAPI.PCL.csproj", "{15C7720C-496F-433C-9263-81A398523021}"
EndProject
Project("{FAE04EC0-301F-11D3-BF4B-00C04F79EFBC}") = "PivotalTracker.FluentAPI.Tests", "PivotalTracker.FluentAPI.Tests\PivotalTracker.FluentAPI.Tests.csproj", "{8ECD9FD1-14A9-4F70-8D4F-A3C40FA14B16}"
EndProject
Global
	GlobalSection(SolutionConfigurationPlatforms) = preSolution
		Debug|Any CPU = Debug|Any CPU
		Release|Any CPU = Release|Any CPU
	EndGlobalSection
	GlobalSection(ProjectConfigurationPlatforms) = postSolution
		{15C7720C-496F-433C-9263-81A398523021}.Debug|Any CPU.ActiveCfg = Debug|Any CPU
		{15C7720C-496F-433C-9263-81A398523021}.Debug|Any CPU.Build.0 = Debug|Any CPU
		{15C7720C-496F-433C-9263-81A398523021}.Release|Any CPU.ActiveCfg = Release|Any CPU
		{15C7720C-496F-433C-9263-81A398523021}.Release|Any CPU.Build.0 = Release|Any CPU
		{8ECD9FD1-14A9-4F70-8D4F-A3C40FA14B16}.Debug|Any CPU.ActiveCfg = Debug|Any CPU
		{8ECD9FD1-14A9-4F70-8D4F-A3C40FA14B16}.Debug|Any CPU.Build.0 = Debug|Any CPU
		{8ECD9FD1-14A9-4F70-8D4F-A3C40FA14B16}.Release|Any CPU.ActiveCfg = Release|Any CPU
		{8ECD9FD1-14A9-4F70-8D4F-A3C40FA14B16}.Release|Any CPU.Build.0 = Release|Any CPU
	EndGlobalSection
	GlobalSection(SolutionProperties) = preSolution
		HideSolutionNode = FALSE
	EndGlobalSection
EndGlobal
